
Microsoft Visual Studio Solution File, Format Version 12.00
# Visual Studio 14
VisualStudioVersion = 14.0.24720.0
MinimumVisualStudioVersion = 10.0.40219.1
Project("{FAE04EC0-301F-11D3-BF4B-00C04F79EFBC}") = "DFBot", "DFBot\DFBot.csproj", "{72A99B9F-3397-48EC-8AF4-4CDCDBEC44C9}"
EndProject
Project("{FAE04EC0-301F-11D3-BF4B-00C04F79EFBC}") = "Services", "Services\Services.csproj", "{904D58B1-9628-464F-84B5-0B860C562AEE}"
EndProject
Project("{FAE04EC0-301F-11D3-BF4B-00C04F79EFBC}") = "Persistence", "Persistence\Persistence.csproj", "{5FDAB149-167F-49EB-B3A4-DBBD65F5DE78}"
EndProject
Global
	GlobalSection(SolutionConfigurationPlatforms) = preSolution
		Debug|Any CPU = Debug|Any CPU
		Release|Any CPU = Release|Any CPU
	EndGlobalSection
	GlobalSection(ProjectConfigurationPlatforms) = postSolution
		{72A99B9F-3397-48EC-8AF4-4CDCDBEC44C9}.Debug|Any CPU.ActiveCfg = Debug|Any CPU
		{72A99B9F-3397-48EC-8AF4-4CDCDBEC44C9}.Debug|Any CPU.Build.0 = Debug|Any CPU
		{72A99B9F-3397-48EC-8AF4-4CDCDBEC44C9}.Release|Any CPU.ActiveCfg = Release|Any CPU
		{72A99B9F-3397-48EC-8AF4-4CDCDBEC44C9}.Release|Any CPU.Build.0 = Release|Any CPU
		{904D58B1-9628-464F-84B5-0B860C562AEE}.Debug|Any CPU.ActiveCfg = Debug|Any CPU
		{904D58B1-9628-464F-84B5-0B860C562AEE}.Debug|Any CPU.Build.0 = Debug|Any CPU
		{904D58B1-9628-464F-84B5-0B860C562AEE}.Release|Any CPU.ActiveCfg = Release|Any CPU
		{904D58B1-9628-464F-84B5-0B860C562AEE}.Release|Any CPU.Build.0 = Release|Any CPU
		{5FDAB149-167F-49EB-B3A4-DBBD65F5DE78}.Debug|Any CPU.ActiveCfg = Debug|Any CPU
		{5FDAB149-167F-49EB-B3A4-DBBD65F5DE78}.Debug|Any CPU.Build.0 = Debug|Any CPU
		{5FDAB149-167F-49EB-B3A4-DBBD65F5DE78}.Release|Any CPU.ActiveCfg = Release|Any CPU
		{5FDAB149-167F-49EB-B3A4-DBBD65F5DE78}.Release|Any CPU.Build.0 = Release|Any CPU
	EndGlobalSection
	GlobalSection(SolutionProperties) = preSolution
		HideSolutionNode = FALSE
	EndGlobalSection
EndGlobal
